
Microsoft Visual Studio Solution File, Format Version 12.00
# Visual Studio 15
VisualStudioVersion = 15.0.33529.398
MinimumVisualStudioVersion = 10.0.40219.1
Project("{FAE04EC0-301F-11D3-BF4B-00C04F79EFBC}") = "RGB_Nunchucks", "RGB_Nunchucks\RGB_Nunchucks.csproj", "{EB613467-22C4-45B8-B8D9-15489091E7EB}"
EndProject
Global
	GlobalSection(SolutionConfigurationPlatforms) = preSolution
		Debug|Any CPU = Debug|Any CPU
		Release|Any CPU = Release|Any CPU
	EndGlobalSection
	GlobalSection(ProjectConfigurationPlatforms) = postSolution
		{EB613467-22C4-45B8-B8D9-15489091E7EB}.Debug|Any CPU.ActiveCfg = Debug|Any CPU
		{EB613467-22C4-45B8-B8D9-15489091E7EB}.Debug|Any CPU.Build.0 = Debug|Any CPU
		{EB613467-22C4-45B8-B8D9-15489091E7EB}.Release|Any CPU.ActiveCfg = Release|Any CPU
		{EB613467-22C4-45B8-B8D9-15489091E7EB}.Release|Any CPU.Build.0 = Release|Any CPU
	EndGlobalSection
	GlobalSection(SolutionProperties) = preSolution
		HideSolutionNode = FALSE
	EndGlobalSection
	GlobalSection(ExtensibilityGlobals) = postSolution
		SolutionGuid = {A2656ADB-75A9-40B4-AFB8-37C5C8C1AE73}
	EndGlobalSection
EndGlobal
